
Microsoft Visual Studio Solution File, Format Version 12.00
# 
Project("{FAE04EC0-301F-11D3-BF4B-00C04F79EFBC}") = "TBotCBJUChecker", "TBotCBJUChecker\TBotCBJUChecker.csproj", "{2FAACFCF-DA7A-4A83-8A05-039B151E3DE3}"
EndProject
Project("{2150E333-8FDC-42A3-9474-1A3956D46DE8}") = "src", "src", "{58BBD6C6-03AF-4746-AF50-2108249AEA88}"
EndProject
Project("{FAE04EC0-301F-11D3-BF4B-00C04F79EFBC}") = "CalorieBot.Data", "src\CalorieBot.Data\CalorieBot.Data.csproj", "{096E3CFC-9A4F-4BC9-9C55-4EF9F4BB36CA}"
EndProject
Project("{FAE04EC0-301F-11D3-BF4B-00C04F79EFBC}") = "CalorieBot.Core", "src\CalorieBot.Core\CalorieBot.Core.csproj", "{D452FB6E-3D9D-4806-A633-FB44CE86EBC4}"
EndProject
Project("{FAE04EC0-301F-11D3-BF4B-00C04F79EFBC}") = "CalorieBot.Api", "src\CalorieBot.Api\CalorieBot.Api.csproj", "{4A043D10-4AE2-4D10-B648-E98D49E92001}"
EndProject
Global
	GlobalSection(SolutionConfigurationPlatforms) = preSolution
		Debug|Any CPU = Debug|Any CPU
		Release|Any CPU = Release|Any CPU
	EndGlobalSection
	GlobalSection(ProjectConfigurationPlatforms) = postSolution
		{2FAACFCF-DA7A-4A83-8A05-039B151E3DE3}.Debug|Any CPU.ActiveCfg = Debug|Any CPU
		{2FAACFCF-DA7A-4A83-8A05-039B151E3DE3}.Debug|Any CPU.Build.0 = Debug|Any CPU
		{2FAACFCF-DA7A-4A83-8A05-039B151E3DE3}.Release|Any CPU.ActiveCfg = Release|Any CPU
		{2FAACFCF-DA7A-4A83-8A05-039B151E3DE3}.Release|Any CPU.Build.0 = Release|Any CPU
		{096E3CFC-9A4F-4BC9-9C55-4EF9F4BB36CA}.Debug|Any CPU.ActiveCfg = Debug|Any CPU
		{096E3CFC-9A4F-4BC9-9C55-4EF9F4BB36CA}.Debug|Any CPU.Build.0 = Debug|Any CPU
		{096E3CFC-9A4F-4BC9-9C55-4EF9F4BB36CA}.Release|Any CPU.ActiveCfg = Release|Any CPU
		{096E3CFC-9A4F-4BC9-9C55-4EF9F4BB36CA}.Release|Any CPU.Build.0 = Release|Any CPU
		{D452FB6E-3D9D-4806-A633-FB44CE86EBC4}.Debug|Any CPU.ActiveCfg = Debug|Any CPU
		{D452FB6E-3D9D-4806-A633-FB44CE86EBC4}.Debug|Any CPU.Build.0 = Debug|Any CPU
		{D452FB6E-3D9D-4806-A633-FB44CE86EBC4}.Release|Any CPU.ActiveCfg = Release|Any CPU
		{D452FB6E-3D9D-4806-A633-FB44CE86EBC4}.Release|Any CPU.Build.0 = Release|Any CPU
		{4A043D10-4AE2-4D10-B648-E98D49E92001}.Debug|Any CPU.ActiveCfg = Debug|Any CPU
		{4A043D10-4AE2-4D10-B648-E98D49E92001}.Debug|Any CPU.Build.0 = Debug|Any CPU
		{4A043D10-4AE2-4D10-B648-E98D49E92001}.Release|Any CPU.ActiveCfg = Release|Any CPU
		{4A043D10-4AE2-4D10-B648-E98D49E92001}.Release|Any CPU.Build.0 = Release|Any CPU
	EndGlobalSection
	GlobalSection(NestedProjects) = preSolution
		{096E3CFC-9A4F-4BC9-9C55-4EF9F4BB36CA} = {58BBD6C6-03AF-4746-AF50-2108249AEA88}
		{D452FB6E-3D9D-4806-A633-FB44CE86EBC4} = {58BBD6C6-03AF-4746-AF50-2108249AEA88}
		{4A043D10-4AE2-4D10-B648-E98D49E92001} = {58BBD6C6-03AF-4746-AF50-2108249AEA88}
	EndGlobalSection
EndGlobal
